// !$*UTF8*$!
{
	archiveVersion = 1;
	classes = {
	};
	objectVersion = 56;
	objects = {

/* Begin PBXBuildFile section */
		720D9B91293E154000424E30 /* CollectionViewTableViewCell.swift in Sources */ = {isa = PBXBuildFile; fileRef = 720D9B90293E154000424E30 /* CollectionViewTableViewCell.swift */; };
		72440BFD294B02A4007B417A /* TitleTableViewCell.swift in Sources */ = {isa = PBXBuildFile; fileRef = 72440BFC294B02A4007B417A /* TitleTableViewCell.swift */; };
		72440BFF294B09F4007B417A /* TitleViewModel.swift in Sources */ = {isa = PBXBuildFile; fileRef = 72440BFE294B09F4007B417A /* TitleViewModel.swift */; };
		726DD6DF294364A60032286E /* TitleCollectionViewCell.swift in Sources */ = {isa = PBXBuildFile; fileRef = 726DD6DE294364A60032286E /* TitleCollectionViewCell.swift */; };
		726DD6E2294366F90032286E /* SDWebImage in Frameworks */ = {isa = PBXBuildFile; productRef = 726DD6E1294366F90032286E /* SDWebImage */; };
		726DD6E4294366F90032286E /* SDWebImageMapKit in Frameworks */ = {isa = PBXBuildFile; productRef = 726DD6E3294366F90032286E /* SDWebImageMapKit */; };
		72FA04C1293E294A008603C8 /* HeroHeaderUIView.swift in Sources */ = {isa = PBXBuildFile; fileRef = 72FA04C0293E294A008603C8 /* HeroHeaderUIView.swift */; };
		72FA04C3293F6E7F008603C8 /* APICaller.swift in Sources */ = {isa = PBXBuildFile; fileRef = 72FA04C2293F6E7F008603C8 /* APICaller.swift */; };
		72FA04C5293F77D9008603C8 /* Title.swift in Sources */ = {isa = PBXBuildFile; fileRef = 72FA04C4293F77D9008603C8 /* Title.swift */; };
		72FA04C729408B4B008603C8 /* Extensions.swift in Sources */ = {isa = PBXBuildFile; fileRef = 72FA04C629408B4B008603C8 /* Extensions.swift */; };
		72FD6FE1293636B800DBA93F /* AppDelegate.swift in Sources */ = {isa = PBXBuildFile; fileRef = 72FD6FE0293636B800DBA93F /* AppDelegate.swift */; };
		72FD6FE3293636B800DBA93F /* SceneDelegate.swift in Sources */ = {isa = PBXBuildFile; fileRef = 72FD6FE2293636B800DBA93F /* SceneDelegate.swift */; };
		72FD6FE5293636B800DBA93F /* MainTabBarViewController.swift in Sources */ = {isa = PBXBuildFile; fileRef = 72FD6FE4293636B800DBA93F /* MainTabBarViewController.swift */; };
		72FD6FEA293636B900DBA93F /* Assets.xcassets in Resources */ = {isa = PBXBuildFile; fileRef = 72FD6FE9293636B900DBA93F /* Assets.xcassets */; };
		72FD6FED293636B900DBA93F /* LaunchScreen.storyboard in Resources */ = {isa = PBXBuildFile; fileRef = 72FD6FEB293636B900DBA93F /* LaunchScreen.storyboard */; };
		72FD6FF629363A6500DBA93F /* HomeViewController.swift in Sources */ = {isa = PBXBuildFile; fileRef = 72FD6FF529363A6500DBA93F /* HomeViewController.swift */; };
		72FD6FF829363AAB00DBA93F /* UpcomingViewController.swift in Sources */ = {isa = PBXBuildFile; fileRef = 72FD6FF729363AAB00DBA93F /* UpcomingViewController.swift */; };
		72FD6FFA29363AD800DBA93F /* SearchViewController.swift in Sources */ = {isa = PBXBuildFile; fileRef = 72FD6FF929363AD800DBA93F /* SearchViewController.swift */; };
		72FD6FFC29363B0100DBA93F /* DownloadsViewController.swift in Sources */ = {isa = PBXBuildFile; fileRef = 72FD6FFB29363B0100DBA93F /* DownloadsViewController.swift */; };
/* End PBXBuildFile section */

/* Begin PBXFileReference section */
		720D9B90293E154000424E30 /* CollectionViewTableViewCell.swift */ = {isa = PBXFileReference; lastKnownFileType = sourcecode.swift; path = CollectionViewTableViewCell.swift; sourceTree = "<group>"; };
		72440BFC294B02A4007B417A /* TitleTableViewCell.swift */ = {isa = PBXFileReference; lastKnownFileType = sourcecode.swift; path = TitleTableViewCell.swift; sourceTree = "<group>"; };
		72440BFE294B09F4007B417A /* TitleViewModel.swift */ = {isa = PBXFileReference; lastKnownFileType = sourcecode.swift; path = TitleViewModel.swift; sourceTree = "<group>"; };
		726DD6DE294364A60032286E /* TitleCollectionViewCell.swift */ = {isa = PBXFileReference; lastKnownFileType = sourcecode.swift; path = TitleCollectionViewCell.swift; sourceTree = "<group>"; };
		72FA04C0293E294A008603C8 /* HeroHeaderUIView.swift */ = {isa = PBXFileReference; lastKnownFileType = sourcecode.swift; path = HeroHeaderUIView.swift; sourceTree = "<group>"; };
		72FA04C2293F6E7F008603C8 /* APICaller.swift */ = {isa = PBXFileReference; lastKnownFileType = sourcecode.swift; path = APICaller.swift; sourceTree = "<group>"; };
		72FA04C4293F77D9008603C8 /* Title.swift */ = {isa = PBXFileReference; lastKnownFileType = sourcecode.swift; path = Title.swift; sourceTree = "<group>"; };
		72FA04C629408B4B008603C8 /* Extensions.swift */ = {isa = PBXFileReference; lastKnownFileType = sourcecode.swift; path = Extensions.swift; sourceTree = "<group>"; };
		72FD6FDD293636B800DBA93F /* NetflixClone.app */ = {isa = PBXFileReference; explicitFileType = wrapper.application; includeInIndex = 0; path = NetflixClone.app; sourceTree = BUILT_PRODUCTS_DIR; };
		72FD6FE0293636B800DBA93F /* AppDelegate.swift */ = {isa = PBXFileReference; lastKnownFileType = sourcecode.swift; path = AppDelegate.swift; sourceTree = "<group>"; };
		72FD6FE2293636B800DBA93F /* SceneDelegate.swift */ = {isa = PBXFileReference; lastKnownFileType = sourcecode.swift; path = SceneDelegate.swift; sourceTree = "<group>"; };
		72FD6FE4293636B800DBA93F /* MainTabBarViewController.swift */ = {isa = PBXFileReference; lastKnownFileType = sourcecode.swift; path = MainTabBarViewController.swift; sourceTree = "<group>"; };
		72FD6FE9293636B900DBA93F /* Assets.xcassets */ = {isa = PBXFileReference; lastKnownFileType = folder.assetcatalog; path = Assets.xcassets; sourceTree = "<group>"; };
		72FD6FEC293636B900DBA93F /* Base */ = {isa = PBXFileReference; lastKnownFileType = file.storyboard; name = Base; path = Base.lproj/LaunchScreen.storyboard; sourceTree = "<group>"; };
		72FD6FEE293636B900DBA93F /* Info.plist */ = {isa = PBXFileReference; lastKnownFileType = text.plist.xml; path = Info.plist; sourceTree = "<group>"; };
		72FD6FF529363A6500DBA93F /* HomeViewController.swift */ = {isa = PBXFileReference; lastKnownFileType = sourcecode.swift; path = HomeViewController.swift; sourceTree = "<group>"; };
		72FD6FF729363AAB00DBA93F /* UpcomingViewController.swift */ = {isa = PBXFileReference; lastKnownFileType = sourcecode.swift; path = UpcomingViewController.swift; sourceTree = "<group>"; };
		72FD6FF929363AD800DBA93F /* SearchViewController.swift */ = {isa = PBXFileReference; lastKnownFileType = sourcecode.swift; path = SearchViewController.swift; sourceTree = "<group>"; };
		72FD6FFB29363B0100DBA93F /* DownloadsViewController.swift */ = {isa = PBXFileReference; lastKnownFileType = sourcecode.swift; path = DownloadsViewController.swift; sourceTree = "<group>"; };
/* End PBXFileReference section */

/* Begin PBXFrameworksBuildPhase section */
		72FD6FDA293636B800DBA93F /* Frameworks */ = {
			isa = PBXFrameworksBuildPhase;
			buildActionMask = 2147483647;
			files = (
				726DD6E4294366F90032286E /* SDWebImageMapKit in Frameworks */,
				726DD6E2294366F90032286E /* SDWebImage in Frameworks */,
			);
			runOnlyForDeploymentPostprocessing = 0;
		};
/* End PBXFrameworksBuildPhase section */

/* Begin PBXGroup section */
		720D9B8B293E145300424E30 /* Views */ = {
			isa = PBXGroup;
			children = (
				720D9B90293E154000424E30 /* CollectionViewTableViewCell.swift */,
				72FA04C0293E294A008603C8 /* HeroHeaderUIView.swift */,
				726DD6DE294364A60032286E /* TitleCollectionViewCell.swift */,
				72440BFC294B02A4007B417A /* TitleTableViewCell.swift */,
			);
			path = Views;
			sourceTree = "<group>";
		};
		720D9B8C293E146300424E30 /* Models */ = {
			isa = PBXGroup;
			children = (
				72FA04C4293F77D9008603C8 /* Title.swift */,
			);
			path = Models;
			sourceTree = "<group>";
		};
		720D9B8D293E146C00424E30 /* ViewModels */ = {
			isa = PBXGroup;
			children = (
				72440BFE294B09F4007B417A /* TitleViewModel.swift */,
			);
			path = ViewModels;
			sourceTree = "<group>";
		};
		720D9B8E293E14AA00424E30 /* Resources */ = {
			isa = PBXGroup;
			children = (
				72FA04C629408B4B008603C8 /* Extensions.swift */,
			);
			path = Resources;
			sourceTree = "<group>";
		};
		720D9B8F293E14B800424E30 /* Managers */ = {
			isa = PBXGroup;
			children = (
				72FA04C2293F6E7F008603C8 /* APICaller.swift */,
			);
			path = Managers;
			sourceTree = "<group>";
		};
		72FD6FD4293636B800DBA93F = {
			isa = PBXGroup;
			children = (
				72FD6FDF293636B800DBA93F /* NetflixClone */,
				72FD6FDE293636B800DBA93F /* Products */,
			);
			sourceTree = "<group>";
		};
		72FD6FDE293636B800DBA93F /* Products */ = {
			isa = PBXGroup;
			children = (
				72FD6FDD293636B800DBA93F /* NetflixClone.app */,
			);
			name = Products;
			sourceTree = "<group>";
		};
		72FD6FDF293636B800DBA93F /* NetflixClone */ = {
			isa = PBXGroup;
			children = (
				720D9B8F293E14B800424E30 /* Managers */,
				720D9B8E293E14AA00424E30 /* Resources */,
				720D9B8C293E146300424E30 /* Models */,
				720D9B8D293E146C00424E30 /* ViewModels */,
				720D9B8B293E145300424E30 /* Views */,
				72FD6FF429363A1A00DBA93F /* Controllers */,
				72FD6FE0293636B800DBA93F /* AppDelegate.swift */,
				72FD6FE2293636B800DBA93F /* SceneDelegate.swift */,
				72FD6FE4293636B800DBA93F /* MainTabBarViewController.swift */,
				72FD6FE9293636B900DBA93F /* Assets.xcassets */,
				72FD6FEB293636B900DBA93F /* LaunchScreen.storyboard */,
				72FD6FEE293636B900DBA93F /* Info.plist */,
			);
			path = NetflixClone;
			sourceTree = "<group>";
		};
		72FD6FF429363A1A00DBA93F /* Controllers */ = {
			isa = PBXGroup;
			children = (
				72FD6FF529363A6500DBA93F /* HomeViewController.swift */,
				72FD6FF729363AAB00DBA93F /* UpcomingViewController.swift */,
				72FD6FF929363AD800DBA93F /* SearchViewController.swift */,
				72FD6FFB29363B0100DBA93F /* DownloadsViewController.swift */,
			);
			path = Controllers;
			sourceTree = "<group>";
		};
/* End PBXGroup section */

/* Begin PBXNativeTarget section */
		72FD6FDC293636B800DBA93F /* NetflixClone */ = {
			isa = PBXNativeTarget;
			buildConfigurationList = 72FD6FF1293636B900DBA93F /* Build configuration list for PBXNativeTarget "NetflixClone" */;
			buildPhases = (
				72FD6FD9293636B800DBA93F /* Sources */,
				72FD6FDA293636B800DBA93F /* Frameworks */,
				72FD6FDB293636B800DBA93F /* Resources */,
			);
			buildRules = (
			);
			dependencies = (
			);
			name = NetflixClone;
			packageProductDependencies = (
				726DD6E1294366F90032286E /* SDWebImage */,
				726DD6E3294366F90032286E /* SDWebImageMapKit */,
			);
			productName = NetflixClone;
			productReference = 72FD6FDD293636B800DBA93F /* NetflixClone.app */;
			productType = "com.apple.product-type.application";
		};
/* End PBXNativeTarget section */

/* Begin PBXProject section */
		72FD6FD5293636B800DBA93F /* Project object */ = {
			isa = PBXProject;
			attributes = {
				BuildIndependentTargetsInParallel = 1;
				LastSwiftUpdateCheck = 1410;
				LastUpgradeCheck = 1410;
				TargetAttributes = {
					72FD6FDC293636B800DBA93F = {
						CreatedOnToolsVersion = 14.1;
					};
				};
			};
			buildConfigurationList = 72FD6FD8293636B800DBA93F /* Build configuration list for PBXProject "NetflixClone" */;
			compatibilityVersion = "Xcode 14.0";
			developmentRegion = en;
			hasScannedForEncodings = 0;
			knownRegions = (
				en,
				Base,
			);
			mainGroup = 72FD6FD4293636B800DBA93F;
			packageReferences = (
				726DD6E0294366F90032286E /* XCRemoteSwiftPackageReference "SDWebImage" */,
			);
			productRefGroup = 72FD6FDE293636B800DBA93F /* Products */;
			projectDirPath = "";
			projectRoot = "";
			targets = (
				72FD6FDC293636B800DBA93F /* NetflixClone */,
			);
		};
/* End PBXProject section */

/* Begin PBXResourcesBuildPhase section */
		72FD6FDB293636B800DBA93F /* Resources */ = {
			isa = PBXResourcesBuildPhase;
			buildActionMask = 2147483647;
			files = (
				72FD6FED293636B900DBA93F /* LaunchScreen.storyboard in Resources */,
				72FD6FEA293636B900DBA93F /* Assets.xcassets in Resources */,
			);
			runOnlyForDeploymentPostprocessing = 0;
		};
/* End PBXResourcesBuildPhase section */

/* Begin PBXSourcesBuildPhase section */
		72FD6FD9293636B800DBA93F /* Sources */ = {
			isa = PBXSourcesBuildPhase;
			buildActionMask = 2147483647;
			files = (
				72440BFD294B02A4007B417A /* TitleTableViewCell.swift in Sources */,
				72FD6FFA29363AD800DBA93F /* SearchViewController.swift in Sources */,
				726DD6DF294364A60032286E /* TitleCollectionViewCell.swift in Sources */,
				72FD6FE5293636B800DBA93F /* MainTabBarViewController.swift in Sources */,
				720D9B91293E154000424E30 /* CollectionViewTableViewCell.swift in Sources */,
				72FA04C3293F6E7F008603C8 /* APICaller.swift in Sources */,
				72FA04C1293E294A008603C8 /* HeroHeaderUIView.swift in Sources */,
				72FD6FFC29363B0100DBA93F /* DownloadsViewController.swift in Sources */,
				72FD6FE1293636B800DBA93F /* AppDelegate.swift in Sources */,
				72FA04C729408B4B008603C8 /* Extensions.swift in Sources */,
				72FD6FE3293636B800DBA93F /* SceneDelegate.swift in Sources */,
				72FD6FF829363AAB00DBA93F /* UpcomingViewController.swift in Sources */,
				72FA04C5293F77D9008603C8 /* Title.swift in Sources */,
				72FD6FF629363A6500DBA93F /* HomeViewController.swift in Sources */,
				72440BFF294B09F4007B417A /* TitleViewModel.swift in Sources */,
			);
			runOnlyForDeploymentPostprocessing = 0;
		};
/* End PBXSourcesBuildPhase section */

/* Begin PBXVariantGroup section */
		72FD6FEB293636B900DBA93F /* LaunchScreen.storyboard */ = {
			isa = PBXVariantGroup;
			children = (
				72FD6FEC293636B900DBA93F /* Base */,
			);
			name = LaunchScreen.storyboard;
			sourceTree = "<group>";
		};
/* End PBXVariantGroup section */

/* Begin XCBuildConfiguration section */
		72FD6FEF293636B900DBA93F /* Debug */ = {
			isa = XCBuildConfiguration;
			buildSettings = {
				ALWAYS_SEARCH_USER_PATHS = NO;
				CLANG_ANALYZER_NONNULL = YES;
				CLANG_ANALYZER_NUMBER_OBJECT_CONVERSION = YES_AGGRESSIVE;
				CLANG_CXX_LANGUAGE_STANDARD = "gnu++20";
				CLANG_ENABLE_MODULES = YES;
				CLANG_ENABLE_OBJC_ARC = YES;
				CLANG_ENABLE_OBJC_WEAK = YES;
				CLANG_WARN_BLOCK_CAPTURE_AUTORELEASING = YES;
				CLANG_WARN_BOOL_CONVERSION = YES;
				CLANG_WARN_COMMA = YES;
				CLANG_WARN_CONSTANT_CONVERSION = YES;
				CLANG_WARN_DEPRECATED_OBJC_IMPLEMENTATIONS = YES;
				CLANG_WARN_DIRECT_OBJC_ISA_USAGE = YES_ERROR;
				CLANG_WARN_DOCUMENTATION_COMMENTS = YES;
				CLANG_WARN_EMPTY_BODY = YES;
				CLANG_WARN_ENUM_CONVERSION = YES;
				CLANG_WARN_INFINITE_RECURSION = YES;
				CLANG_WARN_INT_CONVERSION = YES;
				CLANG_WARN_NON_LITERAL_NULL_CONVERSION = YES;
				CLANG_WARN_OBJC_IMPLICIT_RETAIN_SELF = YES;
				CLANG_WARN_OBJC_LITERAL_CONVERSION = YES;
				CLANG_WARN_OBJC_ROOT_CLASS = YES_ERROR;
				CLANG_WARN_QUOTED_INCLUDE_IN_FRAMEWORK_HEADER = YES;
				CLANG_WARN_RANGE_LOOP_ANALYSIS = YES;
				CLANG_WARN_STRICT_PROTOTYPES = YES;
				CLANG_WARN_SUSPICIOUS_MOVE = YES;
				CLANG_WARN_UNGUARDED_AVAILABILITY = YES_AGGRESSIVE;
				CLANG_WARN_UNREACHABLE_CODE = YES;
				CLANG_WARN__DUPLICATE_METHOD_MATCH = YES;
				COPY_PHASE_STRIP = NO;
				DEBUG_INFORMATION_FORMAT = dwarf;
				ENABLE_STRICT_OBJC_MSGSEND = YES;
				ENABLE_TESTABILITY = YES;
				GCC_C_LANGUAGE_STANDARD = gnu11;
				GCC_DYNAMIC_NO_PIC = NO;
				GCC_NO_COMMON_BLOCKS = YES;
				GCC_OPTIMIZATION_LEVEL = 0;
				GCC_PREPROCESSOR_DEFINITIONS = (
					"DEBUG=1",
					"$(inherited)",
				);
				GCC_WARN_64_TO_32_BIT_CONVERSION = YES;
				GCC_WARN_ABOUT_RETURN_TYPE = YES_ERROR;
				GCC_WARN_UNDECLARED_SELECTOR = YES;
				GCC_WARN_UNINITIALIZED_AUTOS = YES_AGGRESSIVE;
				GCC_WARN_UNUSED_FUNCTION = YES;
				GCC_WARN_UNUSED_VARIABLE = YES;
				IPHONEOS_DEPLOYMENT_TARGET = 16.1;
				MTL_ENABLE_DEBUG_INFO = INCLUDE_SOURCE;
				MTL_FAST_MATH = YES;
				ONLY_ACTIVE_ARCH = YES;
				SDKROOT = iphoneos;
				SWIFT_ACTIVE_COMPILATION_CONDITIONS = DEBUG;
				SWIFT_OPTIMIZATION_LEVEL = "-Onone";
			};
			name = Debug;
		};
		72FD6FF0293636B900DBA93F /* Release */ = {
			isa = XCBuildConfiguration;
			buildSettings = {
				ALWAYS_SEARCH_USER_PATHS = NO;
				CLANG_ANALYZER_NONNULL = YES;
				CLANG_ANALYZER_NUMBER_OBJECT_CONVERSION = YES_AGGRESSIVE;
				CLANG_CXX_LANGUAGE_STANDARD = "gnu++20";
				CLANG_ENABLE_MODULES = YES;
				CLANG_ENABLE_OBJC_ARC = YES;
				CLANG_ENABLE_OBJC_WEAK = YES;
				CLANG_WARN_BLOCK_CAPTURE_AUTORELEASING = YES;
				CLANG_WARN_BOOL_CONVERSION = YES;
				CLANG_WARN_COMMA = YES;
				CLANG_WARN_CONSTANT_CONVERSION = YES;
				CLANG_WARN_DEPRECATED_OBJC_IMPLEMENTATIONS = YES;
				CLANG_WARN_DIRECT_OBJC_ISA_USAGE = YES_ERROR;
				CLANG_WARN_DOCUMENTATION_COMMENTS = YES;
				CLANG_WARN_EMPTY_BODY = YES;
				CLANG_WARN_ENUM_CONVERSION = YES;
				CLANG_WARN_INFINITE_RECURSION = YES;
				CLANG_WARN_INT_CONVERSION = YES;
				CLANG_WARN_NON_LITERAL_NULL_CONVERSION = YES;
				CLANG_WARN_OBJC_IMPLICIT_RETAIN_SELF = YES;
				CLANG_WARN_OBJC_LITERAL_CONVERSION = YES;
				CLANG_WARN_OBJC_ROOT_CLASS = YES_ERROR;
				CLANG_WARN_QUOTED_INCLUDE_IN_FRAMEWORK_HEADER = YES;
				CLANG_WARN_RANGE_LOOP_ANALYSIS = YES;
				CLANG_WARN_STRICT_PROTOTYPES = YES;
				CLANG_WARN_SUSPICIOUS_MOVE = YES;
				CLANG_WARN_UNGUARDED_AVAILABILITY = YES_AGGRESSIVE;
				CLANG_WARN_UNREACHABLE_CODE = YES;
				CLANG_WARN__DUPLICATE_METHOD_MATCH = YES;
				COPY_PHASE_STRIP = NO;
				DEBUG_INFORMATION_FORMAT = "dwarf-with-dsym";
				ENABLE_NS_ASSERTIONS = NO;
				ENABLE_STRICT_OBJC_MSGSEND = YES;
				GCC_C_LANGUAGE_STANDARD = gnu11;
				GCC_NO_COMMON_BLOCKS = YES;
				GCC_WARN_64_TO_32_BIT_CONVERSION = YES;
				GCC_WARN_ABOUT_RETURN_TYPE = YES_ERROR;
				GCC_WARN_UNDECLARED_SELECTOR = YES;
				GCC_WARN_UNINITIALIZED_AUTOS = YES_AGGRESSIVE;
				GCC_WARN_UNUSED_FUNCTION = YES;
				GCC_WARN_UNUSED_VARIABLE = YES;
				IPHONEOS_DEPLOYMENT_TARGET = 16.1;
				MTL_ENABLE_DEBUG_INFO = NO;
				MTL_FAST_MATH = YES;
				SDKROOT = iphoneos;
				SWIFT_COMPILATION_MODE = wholemodule;
				SWIFT_OPTIMIZATION_LEVEL = "-O";
				VALIDATE_PRODUCT = YES;
			};
			name = Release;
		};
		72FD6FF2293636B900DBA93F /* Debug */ = {
			isa = XCBuildConfiguration;
			buildSettings = {
				ASSETCATALOG_COMPILER_APPICON_NAME = AppIcon;
				ASSETCATALOG_COMPILER_GLOBAL_ACCENT_COLOR_NAME = AccentColor;
				CODE_SIGN_STYLE = Automatic;
				CURRENT_PROJECT_VERSION = 1;
				DEVELOPMENT_TEAM = V352KC79H8;
				GENERATE_INFOPLIST_FILE = YES;
				INFOPLIST_FILE = NetflixClone/Info.plist;
				INFOPLIST_KEY_UIApplicationSupportsIndirectInputEvents = YES;
				INFOPLIST_KEY_UILaunchStoryboardName = LaunchScreen;
				INFOPLIST_KEY_UISupportedInterfaceOrientations_iPad = "UIInterfaceOrientationPortrait UIInterfaceOrientationPortraitUpsideDown UIInterfaceOrientationLandscapeLeft UIInterfaceOrientationLandscapeRight";
				INFOPLIST_KEY_UISupportedInterfaceOrientations_iPhone = "UIInterfaceOrientationPortrait UIInterfaceOrientationLandscapeLeft UIInterfaceOrientationLandscapeRight";
				LD_RUNPATH_SEARCH_PATHS = (
					"$(inherited)",
					"@executable_path/Frameworks",
				);
				MARKETING_VERSION = 1.0;
				PRODUCT_BUNDLE_IDENTIFIER = com.zeynepOzdemirAcikgoz.NetflixClone;
				PRODUCT_NAME = "$(TARGET_NAME)";
				SWIFT_EMIT_LOC_STRINGS = YES;
				SWIFT_VERSION = 5.0;
				TARGETED_DEVICE_FAMILY = "1,2";
			};
			name = Debug;
		};
		72FD6FF3293636B900DBA93F /* Release */ = {
			isa = XCBuildConfiguration;
			buildSettings = {
				ASSETCATALOG_COMPILER_APPICON_NAME = AppIcon;
				ASSETCATALOG_COMPILER_GLOBAL_ACCENT_COLOR_NAME = AccentColor;
				CODE_SIGN_STYLE = Automatic;
				CURRENT_PROJECT_VERSION = 1;
				DEVELOPMENT_TEAM = V352KC79H8;
				GENERATE_INFOPLIST_FILE = YES;
				INFOPLIST_FILE = NetflixClone/Info.plist;
				INFOPLIST_KEY_UIApplicationSupportsIndirectInputEvents = YES;
				INFOPLIST_KEY_UILaunchStoryboardName = LaunchScreen;
				INFOPLIST_KEY_UISupportedInterfaceOrientations_iPad = "UIInterfaceOrientationPortrait UIInterfaceOrientationPortraitUpsideDown UIInterfaceOrientationLandscapeLeft UIInterfaceOrientationLandscapeRight";
				INFOPLIST_KEY_UISupportedInterfaceOrientations_iPhone = "UIInterfaceOrientationPortrait UIInterfaceOrientationLandscapeLeft UIInterfaceOrientationLandscapeRight";
				LD_RUNPATH_SEARCH_PATHS = (
					"$(inherited)",
					"@executable_path/Frameworks",
				);
				MARKETING_VERSION = 1.0;
				PRODUCT_BUNDLE_IDENTIFIER = com.zeynepOzdemirAcikgoz.NetflixClone;
				PRODUCT_NAME = "$(TARGET_NAME)";
				SWIFT_EMIT_LOC_STRINGS = YES;
				SWIFT_VERSION = 5.0;
				TARGETED_DEVICE_FAMILY = "1,2";
			};
			name = Release;
		};
/* End XCBuildConfiguration section */

/* Begin XCConfigurationList section */
		72FD6FD8293636B800DBA93F /* Build configuration list for PBXProject "NetflixClone" */ = {
			isa = XCConfigurationList;
			buildConfigurations = (
				72FD6FEF293636B900DBA93F /* Debug */,
				72FD6FF0293636B900DBA93F /* Release */,
			);
			defaultConfigurationIsVisible = 0;
			defaultConfigurationName = Release;
		};
		72FD6FF1293636B900DBA93F /* Build configuration list for PBXNativeTarget "NetflixClone" */ = {
			isa = XCConfigurationList;
			buildConfigurations = (
				72FD6FF2293636B900DBA93F /* Debug */,
				72FD6FF3293636B900DBA93F /* Release */,
			);
			defaultConfigurationIsVisible = 0;
			defaultConfigurationName = Release;
		};
/* End XCConfigurationList section */

/* Begin XCRemoteSwiftPackageReference section */
		726DD6E0294366F90032286E /* XCRemoteSwiftPackageReference "SDWebImage" */ = {
			isa = XCRemoteSwiftPackageReference;
			repositoryURL = "https://github.com/SDWebImage/SDWebImage.git";
			requirement = {
				branch = master;
				kind = branch;
			};
		};
/* End XCRemoteSwiftPackageReference section */

/* Begin XCSwiftPackageProductDependency section */
		726DD6E1294366F90032286E /* SDWebImage */ = {
			isa = XCSwiftPackageProductDependency;
			package = 726DD6E0294366F90032286E /* XCRemoteSwiftPackageReference "SDWebImage" */;
			productName = SDWebImage;
		};
		726DD6E3294366F90032286E /* SDWebImageMapKit */ = {
			isa = XCSwiftPackageProductDependency;
			package = 726DD6E0294366F90032286E /* XCRemoteSwiftPackageReference "SDWebImage" */;
			productName = SDWebImageMapKit;
		};
/* End XCSwiftPackageProductDependency section */
	};
	rootObject = 72FD6FD5293636B800DBA93F /* Project object */;
}
